
Microsoft Visual Studio Solution File, Format Version 12.00
# Visual Studio 14
VisualStudioVersion = 14.0.25420.1
MinimumVisualStudioVersion = 10.0.40219.1
Project("{FAE04EC0-301F-11D3-BF4B-00C04F79EFBC}") = "AppMeetings", "AppMeetings\AppMeetings\AppMeetings.csproj", "{72CCE192-A9AB-471F-A4F0-E3BA4A18B8B4}"
EndProject
Project("{FAE04EC0-301F-11D3-BF4B-00C04F79EFBC}") = "AppMeetings.Droid", "AppMeetings\AppMeetings.Droid\AppMeetings.Droid.csproj", "{E95DE1FE-C915-4858-88EE-529F188E664D}"
EndProject
Project("{FAE04EC0-301F-11D3-BF4B-00C04F79EFBC}") = "AppMeetings.iOS", "AppMeetings\AppMeetings.iOS\AppMeetings.iOS.csproj", "{06AE41DA-93A4-40AE-BAE8-16251F1C3209}"
EndProject
Project("{FAE04EC0-301F-11D3-BF4B-00C04F79EFBC}") = "AppMeetings.WinPhone", "AppMeetings\AppMeetings.WinPhone\AppMeetings.WinPhone.csproj", "{17857B68-3357-4D05-B1E4-9ACE8D986293}"
EndProject
Project("{FAE04EC0-301F-11D3-BF4B-00C04F79EFBC}") = "AppMeetings.UWP", "AppMeetings\AppMeetings.UWP\AppMeetings.UWP.csproj", "{9ED8FD05-1A5C-4CDC-B4F1-5EFC3D8D134E}"
EndProject
Project("{FAE04EC0-301F-11D3-BF4B-00C04F79EFBC}") = "AppMeetings.Windows", "AppMeetings\AppMeetings.Windows\AppMeetings.Windows.csproj", "{9AEEECBD-98FD-4753-A535-C4605CE51C21}"
EndProject
Global
	GlobalSection(SolutionConfigurationPlatforms) = preSolution
		Ad-Hoc|Any CPU = Ad-Hoc|Any CPU
		Ad-Hoc|ARM = Ad-Hoc|ARM
		Ad-Hoc|iPhone = Ad-Hoc|iPhone
		Ad-Hoc|iPhoneSimulator = Ad-Hoc|iPhoneSimulator
		Ad-Hoc|x64 = Ad-Hoc|x64
		Ad-Hoc|x86 = Ad-Hoc|x86
		AppStore|Any CPU = AppStore|Any CPU
		AppStore|ARM = AppStore|ARM
		AppStore|iPhone = AppStore|iPhone
		AppStore|iPhoneSimulator = AppStore|iPhoneSimulator
		AppStore|x64 = AppStore|x64
		AppStore|x86 = AppStore|x86
		Debug|Any CPU = Debug|Any CPU
		Debug|ARM = Debug|ARM
		Debug|iPhone = Debug|iPhone
		Debug|iPhoneSimulator = Debug|iPhoneSimulator
		Debug|x64 = Debug|x64
		Debug|x86 = Debug|x86
		Release|Any CPU = Release|Any CPU
		Release|ARM = Release|ARM
		Release|iPhone = Release|iPhone
		Release|iPhoneSimulator = Release|iPhoneSimulator
		Release|x64 = Release|x64
		Release|x86 = Release|x86
	EndGlobalSection
	GlobalSection(ProjectConfigurationPlatforms) = postSolution
		{72CCE192-A9AB-471F-A4F0-E3BA4A18B8B4}.Ad-Hoc|Any CPU.ActiveCfg = Release|Any CPU
		{72CCE192-A9AB-471F-A4F0-E3BA4A18B8B4}.Ad-Hoc|Any CPU.Build.0 = Release|Any CPU
		{72CCE192-A9AB-471F-A4F0-E3BA4A18B8B4}.Ad-Hoc|ARM.ActiveCfg = Release|Any CPU
		{72CCE192-A9AB-471F-A4F0-E3BA4A18B8B4}.Ad-Hoc|ARM.Build.0 = Release|Any CPU
		{72CCE192-A9AB-471F-A4F0-E3BA4A18B8B4}.Ad-Hoc|iPhone.ActiveCfg = Release|Any CPU
		{72CCE192-A9AB-471F-A4F0-E3BA4A18B8B4}.Ad-Hoc|iPhone.Build.0 = Release|Any CPU
		{72CCE192-A9AB-471F-A4F0-E3BA4A18B8B4}.Ad-Hoc|iPhoneSimulator.ActiveCfg = Release|Any CPU
		{72CCE192-A9AB-471F-A4F0-E3BA4A18B8B4}.Ad-Hoc|iPhoneSimulator.Build.0 = Release|Any CPU
		{72CCE192-A9AB-471F-A4F0-E3BA4A18B8B4}.Ad-Hoc|x64.ActiveCfg = Release|Any CPU
		{72CCE192-A9AB-471F-A4F0-E3BA4A18B8B4}.Ad-Hoc|x64.Build.0 = Release|Any CPU
		{72CCE192-A9AB-471F-A4F0-E3BA4A18B8B4}.Ad-Hoc|x86.ActiveCfg = Release|Any CPU
		{72CCE192-A9AB-471F-A4F0-E3BA4A18B8B4}.Ad-Hoc|x86.Build.0 = Release|Any CPU
		{72CCE192-A9AB-471F-A4F0-E3BA4A18B8B4}.AppStore|Any CPU.ActiveCfg = Release|Any CPU
		{72CCE192-A9AB-471F-A4F0-E3BA4A18B8B4}.AppStore|Any CPU.Build.0 = Release|Any CPU
		{72CCE192-A9AB-471F-A4F0-E3BA4A18B8B4}.AppStore|ARM.ActiveCfg = Release|Any CPU
		{72CCE192-A9AB-471F-A4F0-E3BA4A18B8B4}.AppStore|ARM.Build.0 = Release|Any CPU
		{72CCE192-A9AB-471F-A4F0-E3BA4A18B8B4}.AppStore|iPhone.ActiveCfg = Release|Any CPU
		{72CCE192-A9AB-471F-A4F0-E3BA4A18B8B4}.AppStore|iPhone.Build.0 = Release|Any CPU
		{72CCE192-A9AB-471F-A4F0-E3BA4A18B8B4}.AppStore|iPhoneSimulator.ActiveCfg = Release|Any CPU
		{72CCE192-A9AB-471F-A4F0-E3BA4A18B8B4}.AppStore|iPhoneSimulator.Build.0 = Release|Any CPU
		{72CCE192-A9AB-471F-A4F0-E3BA4A18B8B4}.AppStore|x64.ActiveCfg = Release|Any CPU
		{72CCE192-A9AB-471F-A4F0-E3BA4A18B8B4}.AppStore|x64.Build.0 = Release|Any CPU
		{72CCE192-A9AB-471F-A4F0-E3BA4A18B8B4}.AppStore|x86.ActiveCfg = Release|Any CPU
		{72CCE192-A9AB-471F-A4F0-E3BA4A18B8B4}.AppStore|x86.Build.0 = Release|Any CPU
		{72CCE192-A9AB-471F-A4F0-E3BA4A18B8B4}.Debug|Any CPU.ActiveCfg = Debug|Any CPU
		{72CCE192-A9AB-471F-A4F0-E3BA4A18B8B4}.Debug|Any CPU.Build.0 = Debug|Any CPU
		{72CCE192-A9AB-471F-A4F0-E3BA4A18B8B4}.Debug|ARM.ActiveCfg = Debug|Any CPU
		{72CCE192-A9AB-471F-A4F0-E3BA4A18B8B4}.Debug|ARM.Build.0 = Debug|Any CPU
		{72CCE192-A9AB-471F-A4F0-E3BA4A18B8B4}.Debug|iPhone.ActiveCfg = Debug|Any CPU
		{72CCE192-A9AB-471F-A4F0-E3BA4A18B8B4}.Debug|iPhone.Build.0 = Debug|Any CPU
		{72CCE192-A9AB-471F-A4F0-E3BA4A18B8B4}.Debug|iPhoneSimulator.ActiveCfg = Debug|Any CPU
		{72CCE192-A9AB-471F-A4F0-E3BA4A18B8B4}.Debug|iPhoneSimulator.Build.0 = Debug|Any CPU
		{72CCE192-A9AB-471F-A4F0-E3BA4A18B8B4}.Debug|x64.ActiveCfg = Debug|Any CPU
		{72CCE192-A9AB-471F-A4F0-E3BA4A18B8B4}.Debug|x64.Build.0 = Debug|Any CPU
		{72CCE192-A9AB-471F-A4F0-E3BA4A18B8B4}.Debug|x86.ActiveCfg = Debug|Any CPU
		{72CCE192-A9AB-471F-A4F0-E3BA4A18B8B4}.Debug|x86.Build.0 = Debug|Any CPU
		{72CCE192-A9AB-471F-A4F0-E3BA4A18B8B4}.Release|Any CPU.ActiveCfg = Release|Any CPU
		{72CCE192-A9AB-471F-A4F0-E3BA4A18B8B4}.Release|Any CPU.Build.0 = Release|Any CPU
		{72CCE192-A9AB-471F-A4F0-E3BA4A18B8B4}.Release|ARM.ActiveCfg = Release|Any CPU
		{72CCE192-A9AB-471F-A4F0-E3BA4A18B8B4}.Release|ARM.Build.0 = Release|Any CPU
		{72CCE192-A9AB-471F-A4F0-E3BA4A18B8B4}.Release|iPhone.ActiveCfg = Release|Any CPU
		{72CCE192-A9AB-471F-A4F0-E3BA4A18B8B4}.Release|iPhone.Build.0 = Release|Any CPU
		{72CCE192-A9AB-471F-A4F0-E3BA4A18B8B4}.Release|iPhoneSimulator.ActiveCfg = Release|Any CPU
		{72CCE192-A9AB-471F-A4F0-E3BA4A18B8B4}.Release|iPhoneSimulator.Build.0 = Release|Any CPU
		{72CCE192-A9AB-471F-A4F0-E3BA4A18B8B4}.Release|x64.ActiveCfg = Release|Any CPU
		{72CCE192-A9AB-471F-A4F0-E3BA4A18B8B4}.Release|x64.Build.0 = Release|Any CPU
		{72CCE192-A9AB-471F-A4F0-E3BA4A18B8B4}.Release|x86.ActiveCfg = Release|Any CPU
		{72CCE192-A9AB-471F-A4F0-E3BA4A18B8B4}.Release|x86.Build.0 = Release|Any CPU
		{E95DE1FE-C915-4858-88EE-529F188E664D}.Ad-Hoc|Any CPU.ActiveCfg = Release|Any CPU
		{E95DE1FE-C915-4858-88EE-529F188E664D}.Ad-Hoc|Any CPU.Build.0 = Release|Any CPU
		{E95DE1FE-C915-4858-88EE-529F188E664D}.Ad-Hoc|Any CPU.Deploy.0 = Release|Any CPU
		{E95DE1FE-C915-4858-88EE-529F188E664D}.Ad-Hoc|ARM.ActiveCfg = Release|Any CPU
		{E95DE1FE-C915-4858-88EE-529F188E664D}.Ad-Hoc|ARM.Build.0 = Release|Any CPU
		{E95DE1FE-C915-4858-88EE-529F188E664D}.Ad-Hoc|ARM.Deploy.0 = Release|Any CPU
		{E95DE1FE-C915-4858-88EE-529F188E664D}.Ad-Hoc|iPhone.ActiveCfg = Release|Any CPU
		{E95DE1FE-C915-4858-88EE-529F188E664D}.Ad-Hoc|iPhone.Build.0 = Release|Any CPU
		{E95DE1FE-C915-4858-88EE-529F188E664D}.Ad-Hoc|iPhone.Deploy.0 = Release|Any CPU
		{E95DE1FE-C915-4858-88EE-529F188E664D}.Ad-Hoc|iPhoneSimulator.ActiveCfg = Release|Any CPU
		{E95DE1FE-C915-4858-88EE-529F188E664D}.Ad-Hoc|iPhoneSimulator.Build.0 = Release|Any CPU
		{E95DE1FE-C915-4858-88EE-529F188E664D}.Ad-Hoc|iPhoneSimulator.Deploy.0 = Release|Any CPU
		{E95DE1FE-C915-4858-88EE-529F188E664D}.Ad-Hoc|x64.ActiveCfg = Release|Any CPU
		{E95DE1FE-C915-4858-88EE-529F188E664D}.Ad-Hoc|x64.Build.0 = Release|Any CPU
		{E95DE1FE-C915-4858-88EE-529F188E664D}.Ad-Hoc|x64.Deploy.0 = Release|Any CPU
		{E95DE1FE-C915-4858-88EE-529F188E664D}.Ad-Hoc|x86.ActiveCfg = Release|Any CPU
		{E95DE1FE-C915-4858-88EE-529F188E664D}.Ad-Hoc|x86.Build.0 = Release|Any CPU
		{E95DE1FE-C915-4858-88EE-529F188E664D}.Ad-Hoc|x86.Deploy.0 = Release|Any CPU
		{E95DE1FE-C915-4858-88EE-529F188E664D}.AppStore|Any CPU.ActiveCfg = Release|Any CPU
		{E95DE1FE-C915-4858-88EE-529F188E664D}.AppStore|Any CPU.Build.0 = Release|Any CPU
		{E95DE1FE-C915-4858-88EE-529F188E664D}.AppStore|Any CPU.Deploy.0 = Release|Any CPU
		{E95DE1FE-C915-4858-88EE-529F188E664D}.AppStore|ARM.ActiveCfg = Release|Any CPU
		{E95DE1FE-C915-4858-88EE-529F188E664D}.AppStore|ARM.Build.0 = Release|Any CPU
		{E95DE1FE-C915-4858-88EE-529F188E664D}.AppStore|ARM.Deploy.0 = Release|Any CPU
		{E95DE1FE-C915-4858-88EE-529F188E664D}.AppStore|iPhone.ActiveCfg = Release|Any CPU
		{E95DE1FE-C915-4858-88EE-529F188E664D}.AppStore|iPhone.Build.0 = Release|Any CPU
		{E95DE1FE-C915-4858-88EE-529F188E664D}.AppStore|iPhone.Deploy.0 = Release|Any CPU
		{E95DE1FE-C915-4858-88EE-529F188E664D}.AppStore|iPhoneSimulator.ActiveCfg = Release|Any CPU
		{E95DE1FE-C915-4858-88EE-529F188E664D}.AppStore|iPhoneSimulator.Build.0 = Release|Any CPU
		{E95DE1FE-C915-4858-88EE-529F188E664D}.AppStore|iPhoneSimulator.Deploy.0 = Release|Any CPU
		{E95DE1FE-C915-4858-88EE-529F188E664D}.AppStore|x64.ActiveCfg = Release|Any CPU
		{E95DE1FE-C915-4858-88EE-529F188E664D}.AppStore|x64.Build.0 = Release|Any CPU
		{E95DE1FE-C915-4858-88EE-529F188E664D}.AppStore|x64.Deploy.0 = Release|Any CPU
		{E95DE1FE-C915-4858-88EE-529F188E664D}.AppStore|x86.ActiveCfg = Release|Any CPU
		{E95DE1FE-C915-4858-88EE-529F188E664D}.AppStore|x86.Build.0 = Release|Any CPU
		{E95DE1FE-C915-4858-88EE-529F188E664D}.AppStore|x86.Deploy.0 = Release|Any CPU
		{E95DE1FE-C915-4858-88EE-529F188E664D}.Debug|Any CPU.ActiveCfg = Debug|Any CPU
		{E95DE1FE-C915-4858-88EE-529F188E664D}.Debug|Any CPU.Build.0 = Debug|Any CPU
		{E95DE1FE-C915-4858-88EE-529F188E664D}.Debug|Any CPU.Deploy.0 = Debug|Any CPU
		{E95DE1FE-C915-4858-88EE-529F188E664D}.Debug|ARM.ActiveCfg = Debug|Any CPU
		{E95DE1FE-C915-4858-88EE-529F188E664D}.Debug|ARM.Build.0 = Debug|Any CPU
		{E95DE1FE-C915-4858-88EE-529F188E664D}.Debug|ARM.Deploy.0 = Debug|Any CPU
		{E95DE1FE-C915-4858-88EE-529F188E664D}.Debug|iPhone.ActiveCfg = Debug|Any CPU
		{E95DE1FE-C915-4858-88EE-529F188E664D}.Debug|iPhone.Build.0 = Debug|Any CPU
		{E95DE1FE-C915-4858-88EE-529F188E664D}.Debug|iPhone.Deploy.0 = Debug|Any CPU
		{E95DE1FE-C915-4858-88EE-529F188E664D}.Debug|iPhoneSimulator.ActiveCfg = Debug|Any CPU
		{E95DE1FE-C915-4858-88EE-529F188E664D}.Debug|iPhoneSimulator.Build.0 = Debug|Any CPU
		{E95DE1FE-C915-4858-88EE-529F188E664D}.Debug|iPhoneSimulator.Deploy.0 = Debug|Any CPU
		{E95DE1FE-C915-4858-88EE-529F188E664D}.Debug|x64.ActiveCfg = Debug|Any CPU
		{E95DE1FE-C915-4858-88EE-529F188E664D}.Debug|x64.Build.0 = Debug|Any CPU
		{E95DE1FE-C915-4858-88EE-529F188E664D}.Debug|x64.Deploy.0 = Debug|Any CPU
		{E95DE1FE-C915-4858-88EE-529F188E664D}.Debug|x86.ActiveCfg = Debug|Any CPU
		{E95DE1FE-C915-4858-88EE-529F188E664D}.Debug|x86.Build.0 = Debug|Any CPU
		{E95DE1FE-C915-4858-88EE-529F188E664D}.Debug|x86.Deploy.0 = Debug|Any CPU
		{E95DE1FE-C915-4858-88EE-529F188E664D}.Release|Any CPU.ActiveCfg = Release|Any CPU
		{E95DE1FE-C915-4858-88EE-529F188E664D}.Release|Any CPU.Build.0 = Release|Any CPU
		{E95DE1FE-C915-4858-88EE-529F188E664D}.Release|Any CPU.Deploy.0 = Release|Any CPU
		{E95DE1FE-C915-4858-88EE-529F188E664D}.Release|ARM.ActiveCfg = Release|Any CPU
		{E95DE1FE-C915-4858-88EE-529F188E664D}.Release|ARM.Build.0 = Release|Any CPU
		{E95DE1FE-C915-4858-88EE-529F188E664D}.Release|ARM.Deploy.0 = Release|Any CPU
		{E95DE1FE-C915-4858-88EE-529F188E664D}.Release|iPhone.ActiveCfg = Release|Any CPU
		{E95DE1FE-C915-4858-88EE-529F188E664D}.Release|iPhone.Build.0 = Release|Any CPU
		{E95DE1FE-C915-4858-88EE-529F188E664D}.Release|iPhone.Deploy.0 = Release|Any CPU
		{E95DE1FE-C915-4858-88EE-529F188E664D}.Release|iPhoneSimulator.ActiveCfg = Release|Any CPU
		{E95DE1FE-C915-4858-88EE-529F188E664D}.Release|iPhoneSimulator.Build.0 = Release|Any CPU
		{E95DE1FE-C915-4858-88EE-529F188E664D}.Release|iPhoneSimulator.Deploy.0 = Release|Any CPU
		{E95DE1FE-C915-4858-88EE-529F188E664D}.Release|x64.ActiveCfg = Release|Any CPU
		{E95DE1FE-C915-4858-88EE-529F188E664D}.Release|x64.Build.0 = Release|Any CPU
		{E95DE1FE-C915-4858-88EE-529F188E664D}.Release|x64.Deploy.0 = Release|Any CPU
		{E95DE1FE-C915-4858-88EE-529F188E664D}.Release|x86.ActiveCfg = Release|Any CPU
		{E95DE1FE-C915-4858-88EE-529F188E664D}.Release|x86.Build.0 = Release|Any CPU
		{E95DE1FE-C915-4858-88EE-529F188E664D}.Release|x86.Deploy.0 = Release|Any CPU
		{06AE41DA-93A4-40AE-BAE8-16251F1C3209}.Ad-Hoc|Any CPU.ActiveCfg = Ad-Hoc|iPhone
		{06AE41DA-93A4-40AE-BAE8-16251F1C3209}.Ad-Hoc|ARM.ActiveCfg = Ad-Hoc|iPhone
		{06AE41DA-93A4-40AE-BAE8-16251F1C3209}.Ad-Hoc|iPhone.ActiveCfg = Ad-Hoc|iPhone
		{06AE41DA-93A4-40AE-BAE8-16251F1C3209}.Ad-Hoc|iPhone.Build.0 = Ad-Hoc|iPhone
		{06AE41DA-93A4-40AE-BAE8-16251F1C3209}.Ad-Hoc|iPhoneSimulator.ActiveCfg = Ad-Hoc|iPhoneSimulator
		{06AE41DA-93A4-40AE-BAE8-16251F1C3209}.Ad-Hoc|iPhoneSimulator.Build.0 = Ad-Hoc|iPhoneSimulator
		{06AE41DA-93A4-40AE-BAE8-16251F1C3209}.Ad-Hoc|x64.ActiveCfg = Ad-Hoc|iPhone
		{06AE41DA-93A4-40AE-BAE8-16251F1C3209}.Ad-Hoc|x86.ActiveCfg = Ad-Hoc|iPhone
		{06AE41DA-93A4-40AE-BAE8-16251F1C3209}.AppStore|Any CPU.ActiveCfg = AppStore|iPhone
		{06AE41DA-93A4-40AE-BAE8-16251F1C3209}.AppStore|ARM.ActiveCfg = AppStore|iPhone
		{06AE41DA-93A4-40AE-BAE8-16251F1C3209}.AppStore|iPhone.ActiveCfg = AppStore|iPhone
		{06AE41DA-93A4-40AE-BAE8-16251F1C3209}.AppStore|iPhone.Build.0 = AppStore|iPhone
		{06AE41DA-93A4-40AE-BAE8-16251F1C3209}.AppStore|iPhoneSimulator.ActiveCfg = AppStore|iPhoneSimulator
		{06AE41DA-93A4-40AE-BAE8-16251F1C3209}.AppStore|iPhoneSimulator.Build.0 = AppStore|iPhoneSimulator
		{06AE41DA-93A4-40AE-BAE8-16251F1C3209}.AppStore|x64.ActiveCfg = AppStore|iPhone
		{06AE41DA-93A4-40AE-BAE8-16251F1C3209}.AppStore|x86.ActiveCfg = AppStore|iPhone
		{06AE41DA-93A4-40AE-BAE8-16251F1C3209}.Debug|Any CPU.ActiveCfg = Debug|iPhone
		{06AE41DA-93A4-40AE-BAE8-16251F1C3209}.Debug|ARM.ActiveCfg = Debug|iPhone
		{06AE41DA-93A4-40AE-BAE8-16251F1C3209}.Debug|iPhone.ActiveCfg = Debug|iPhone
		{06AE41DA-93A4-40AE-BAE8-16251F1C3209}.Debug|iPhone.Build.0 = Debug|iPhone
		{06AE41DA-93A4-40AE-BAE8-16251F1C3209}.Debug|iPhoneSimulator.ActiveCfg = Debug|iPhoneSimulator
		{06AE41DA-93A4-40AE-BAE8-16251F1C3209}.Debug|iPhoneSimulator.Build.0 = Debug|iPhoneSimulator
		{06AE41DA-93A4-40AE-BAE8-16251F1C3209}.Debug|x64.ActiveCfg = Debug|iPhone
		{06AE41DA-93A4-40AE-BAE8-16251F1C3209}.Debug|x86.ActiveCfg = Debug|iPhone
		{06AE41DA-93A4-40AE-BAE8-16251F1C3209}.Release|Any CPU.ActiveCfg = Release|iPhone
		{06AE41DA-93A4-40AE-BAE8-16251F1C3209}.Release|ARM.ActiveCfg = Release|iPhone
		{06AE41DA-93A4-40AE-BAE8-16251F1C3209}.Release|iPhone.ActiveCfg = Release|iPhone
		{06AE41DA-93A4-40AE-BAE8-16251F1C3209}.Release|iPhone.Build.0 = Release|iPhone
		{06AE41DA-93A4-40AE-BAE8-16251F1C3209}.Release|iPhoneSimulator.ActiveCfg = Release|iPhoneSimulator
		{06AE41DA-93A4-40AE-BAE8-16251F1C3209}.Release|iPhoneSimulator.Build.0 = Release|iPhoneSimulator
		{06AE41DA-93A4-40AE-BAE8-16251F1C3209}.Release|x64.ActiveCfg = Release|iPhone
		{06AE41DA-93A4-40AE-BAE8-16251F1C3209}.Release|x86.ActiveCfg = Release|iPhone
		{17857B68-3357-4D05-B1E4-9ACE8D986293}.Ad-Hoc|Any CPU.ActiveCfg = Release|Any CPU
		{17857B68-3357-4D05-B1E4-9ACE8D986293}.Ad-Hoc|Any CPU.Build.0 = Release|Any CPU
		{17857B68-3357-4D05-B1E4-9ACE8D986293}.Ad-Hoc|Any CPU.Deploy.0 = Release|Any CPU
		{17857B68-3357-4D05-B1E4-9ACE8D986293}.Ad-Hoc|ARM.ActiveCfg = Release|ARM
		{17857B68-3357-4D05-B1E4-9ACE8D986293}.Ad-Hoc|ARM.Build.0 = Release|ARM
		{17857B68-3357-4D05-B1E4-9ACE8D986293}.Ad-Hoc|ARM.Deploy.0 = Release|ARM
		{17857B68-3357-4D05-B1E4-9ACE8D986293}.Ad-Hoc|iPhone.ActiveCfg = Release|Any CPU
		{17857B68-3357-4D05-B1E4-9ACE8D986293}.Ad-Hoc|iPhone.Build.0 = Release|Any CPU
		{17857B68-3357-4D05-B1E4-9ACE8D986293}.Ad-Hoc|iPhone.Deploy.0 = Release|Any CPU
		{17857B68-3357-4D05-B1E4-9ACE8D986293}.Ad-Hoc|iPhoneSimulator.ActiveCfg = Release|Any CPU
		{17857B68-3357-4D05-B1E4-9ACE8D986293}.Ad-Hoc|iPhoneSimulator.Build.0 = Release|Any CPU
		{17857B68-3357-4D05-B1E4-9ACE8D986293}.Ad-Hoc|iPhoneSimulator.Deploy.0 = Release|Any CPU
		{17857B68-3357-4D05-B1E4-9ACE8D986293}.Ad-Hoc|x64.ActiveCfg = Release|Any CPU
		{17857B68-3357-4D05-B1E4-9ACE8D986293}.Ad-Hoc|x64.Build.0 = Release|Any CPU
		{17857B68-3357-4D05-B1E4-9ACE8D986293}.Ad-Hoc|x64.Deploy.0 = Release|Any CPU
		{17857B68-3357-4D05-B1E4-9ACE8D986293}.Ad-Hoc|x86.ActiveCfg = Release|x86
		{17857B68-3357-4D05-B1E4-9ACE8D986293}.Ad-Hoc|x86.Build.0 = Release|x86
		{17857B68-3357-4D05-B1E4-9ACE8D986293}.Ad-Hoc|x86.Deploy.0 = Release|x86
		{17857B68-3357-4D05-B1E4-9ACE8D986293}.AppStore|Any CPU.ActiveCfg = Release|Any CPU
		{17857B68-3357-4D05-B1E4-9ACE8D986293}.AppStore|Any CPU.Build.0 = Release|Any CPU
		{17857B68-3357-4D05-B1E4-9ACE8D986293}.AppStore|Any CPU.Deploy.0 = Release|Any CPU
		{17857B68-3357-4D05-B1E4-9ACE8D986293}.AppStore|ARM.ActiveCfg = Release|ARM
		{17857B68-3357-4D05-B1E4-9ACE8D986293}.AppStore|ARM.Build.0 = Release|ARM
		{17857B68-3357-4D05-B1E4-9ACE8D986293}.AppStore|ARM.Deploy.0 = Release|ARM
		{17857B68-3357-4D05-B1E4-9ACE8D986293}.AppStore|iPhone.ActiveCfg = Release|Any CPU
		{17857B68-3357-4D05-B1E4-9ACE8D986293}.AppStore|iPhone.Build.0 = Release|Any CPU
		{17857B68-3357-4D05-B1E4-9ACE8D986293}.AppStore|iPhone.Deploy.0 = Release|Any CPU
		{17857B68-3357-4D05-B1E4-9ACE8D986293}.AppStore|iPhoneSimulator.ActiveCfg = Release|Any CPU
		{17857B68-3357-4D05-B1E4-9ACE8D986293}.AppStore|iPhoneSimulator.Build.0 = Release|Any CPU
		{17857B68-3357-4D05-B1E4-9ACE8D986293}.AppStore|iPhoneSimulator.Deploy.0 = Release|Any CPU
		{17857B68-3357-4D05-B1E4-9ACE8D986293}.AppStore|x64.ActiveCfg = Release|Any CPU
		{17857B68-3357-4D05-B1E4-9ACE8D986293}.AppStore|x64.Build.0 = Release|Any CPU
		{17857B68-3357-4D05-B1E4-9ACE8D986293}.AppStore|x64.Deploy.0 = Release|Any CPU
		{17857B68-3357-4D05-B1E4-9ACE8D986293}.AppStore|x86.ActiveCfg = Release|x86
		{17857B68-3357-4D05-B1E4-9ACE8D986293}.AppStore|x86.Build.0 = Release|x86
		{17857B68-3357-4D05-B1E4-9ACE8D986293}.AppStore|x86.Deploy.0 = Release|x86
		{17857B68-3357-4D05-B1E4-9ACE8D986293}.Debug|Any CPU.ActiveCfg = Debug|Any CPU
		{17857B68-3357-4D05-B1E4-9ACE8D986293}.Debug|Any CPU.Build.0 = Debug|Any CPU
		{17857B68-3357-4D05-B1E4-9ACE8D986293}.Debug|Any CPU.Deploy.0 = Debug|Any CPU
		{17857B68-3357-4D05-B1E4-9ACE8D986293}.Debug|ARM.ActiveCfg = Debug|ARM
		{17857B68-3357-4D05-B1E4-9ACE8D986293}.Debug|ARM.Build.0 = Debug|ARM
		{17857B68-3357-4D05-B1E4-9ACE8D986293}.Debug|ARM.Deploy.0 = Debug|ARM
		{17857B68-3357-4D05-B1E4-9ACE8D986293}.Debug|iPhone.ActiveCfg = Debug|Any CPU
		{17857B68-3357-4D05-B1E4-9ACE8D986293}.Debug|iPhone.Build.0 = Debug|Any CPU
		{17857B68-3357-4D05-B1E4-9ACE8D986293}.Debug|iPhone.Deploy.0 = Debug|Any CPU
		{17857B68-3357-4D05-B1E4-9ACE8D986293}.Debug|iPhoneSimulator.ActiveCfg = Debug|Any CPU
		{17857B68-3357-4D05-B1E4-9ACE8D986293}.Debug|iPhoneSimulator.Build.0 = Debug|Any CPU
		{17857B68-3357-4D05-B1E4-9ACE8D986293}.Debug|iPhoneSimulator.Deploy.0 = Debug|Any CPU
		{17857B68-3357-4D05-B1E4-9ACE8D986293}.Debug|x64.ActiveCfg = Debug|Any CPU
		{17857B68-3357-4D05-B1E4-9ACE8D986293}.Debug|x64.Build.0 = Debug|Any CPU
		{17857B68-3357-4D05-B1E4-9ACE8D986293}.Debug|x64.Deploy.0 = Debug|Any CPU
		{17857B68-3357-4D05-B1E4-9ACE8D986293}.Debug|x86.ActiveCfg = Debug|x86
		{17857B68-3357-4D05-B1E4-9ACE8D986293}.Debug|x86.Build.0 = Debug|x86
		{17857B68-3357-4D05-B1E4-9ACE8D986293}.Debug|x86.Deploy.0 = Debug|x86
		{17857B68-3357-4D05-B1E4-9ACE8D986293}.Release|Any CPU.ActiveCfg = Release|Any CPU
		{17857B68-3357-4D05-B1E4-9ACE8D986293}.Release|Any CPU.Build.0 = Release|Any CPU
		{17857B68-3357-4D05-B1E4-9ACE8D986293}.Release|Any CPU.Deploy.0 = Release|Any CPU
		{17857B68-3357-4D05-B1E4-9ACE8D986293}.Release|ARM.ActiveCfg = Release|ARM
		{17857B68-3357-4D05-B1E4-9ACE8D986293}.Release|ARM.Build.0 = Release|ARM
		{17857B68-3357-4D05-B1E4-9ACE8D986293}.Release|ARM.Deploy.0 = Release|ARM
		{17857B68-3357-4D05-B1E4-9ACE8D986293}.Release|iPhone.ActiveCfg = Release|Any CPU
		{17857B68-3357-4D05-B1E4-9ACE8D986293}.Release|iPhone.Build.0 = Release|Any CPU
		{17857B68-3357-4D05-B1E4-9ACE8D986293}.Release|iPhone.Deploy.0 = Release|Any CPU
		{17857B68-3357-4D05-B1E4-9ACE8D986293}.Release|iPhoneSimulator.ActiveCfg = Release|Any CPU
		{17857B68-3357-4D05-B1E4-9ACE8D986293}.Release|iPhoneSimulator.Build.0 = Release|Any CPU
		{17857B68-3357-4D05-B1E4-9ACE8D986293}.Release|iPhoneSimulator.Deploy.0 = Release|Any CPU
		{17857B68-3357-4D05-B1E4-9ACE8D986293}.Release|x64.ActiveCfg = Release|Any CPU
		{17857B68-3357-4D05-B1E4-9ACE8D986293}.Release|x64.Build.0 = Release|Any CPU
		{17857B68-3357-4D05-B1E4-9ACE8D986293}.Release|x64.Deploy.0 = Release|Any CPU
		{17857B68-3357-4D05-B1E4-9ACE8D986293}.Release|x86.ActiveCfg = Release|x86
		{17857B68-3357-4D05-B1E4-9ACE8D986293}.Release|x86.Build.0 = Release|x86
		{17857B68-3357-4D05-B1E4-9ACE8D986293}.Release|x86.Deploy.0 = Release|x86
		{9ED8FD05-1A5C-4CDC-B4F1-5EFC3D8D134E}.Ad-Hoc|Any CPU.ActiveCfg = Release|x86
		{9ED8FD05-1A5C-4CDC-B4F1-5EFC3D8D134E}.Ad-Hoc|Any CPU.Build.0 = Release|x86
		{9ED8FD05-1A5C-4CDC-B4F1-5EFC3D8D134E}.Ad-Hoc|Any CPU.Deploy.0 = Release|x86
		{9ED8FD05-1A5C-4CDC-B4F1-5EFC3D8D134E}.Ad-Hoc|ARM.ActiveCfg = Release|ARM
		{9ED8FD05-1A5C-4CDC-B4F1-5EFC3D8D134E}.Ad-Hoc|ARM.Build.0 = Release|ARM
		{9ED8FD05-1A5C-4CDC-B4F1-5EFC3D8D134E}.Ad-Hoc|ARM.Deploy.0 = Release|ARM
		{9ED8FD05-1A5C-4CDC-B4F1-5EFC3D8D134E}.Ad-Hoc|iPhone.ActiveCfg = Release|x86
		{9ED8FD05-1A5C-4CDC-B4F1-5EFC3D8D134E}.Ad-Hoc|iPhone.Build.0 = Release|x86
		{9ED8FD05-1A5C-4CDC-B4F1-5EFC3D8D134E}.Ad-Hoc|iPhone.Deploy.0 = Release|x86
		{9ED8FD05-1A5C-4CDC-B4F1-5EFC3D8D134E}.Ad-Hoc|iPhoneSimulator.ActiveCfg = Release|x86
		{9ED8FD05-1A5C-4CDC-B4F1-5EFC3D8D134E}.Ad-Hoc|iPhoneSimulator.Build.0 = Release|x86
		{9ED8FD05-1A5C-4CDC-B4F1-5EFC3D8D134E}.Ad-Hoc|iPhoneSimulator.Deploy.0 = Release|x86
		{9ED8FD05-1A5C-4CDC-B4F1-5EFC3D8D134E}.Ad-Hoc|x64.ActiveCfg = Release|x64
		{9ED8FD05-1A5C-4CDC-B4F1-5EFC3D8D134E}.Ad-Hoc|x64.Build.0 = Release|x64
		{9ED8FD05-1A5C-4CDC-B4F1-5EFC3D8D134E}.Ad-Hoc|x64.Deploy.0 = Release|x64
		{9ED8FD05-1A5C-4CDC-B4F1-5EFC3D8D134E}.Ad-Hoc|x86.ActiveCfg = Release|x86
		{9ED8FD05-1A5C-4CDC-B4F1-5EFC3D8D134E}.Ad-Hoc|x86.Build.0 = Release|x86
		{9ED8FD05-1A5C-4CDC-B4F1-5EFC3D8D134E}.Ad-Hoc|x86.Deploy.0 = Release|x86
		{9ED8FD05-1A5C-4CDC-B4F1-5EFC3D8D134E}.AppStore|Any CPU.ActiveCfg = Release|x86
		{9ED8FD05-1A5C-4CDC-B4F1-5EFC3D8D134E}.AppStore|Any CPU.Build.0 = Release|x86
		{9ED8FD05-1A5C-4CDC-B4F1-5EFC3D8D134E}.AppStore|Any CPU.Deploy.0 = Release|x86
		{9ED8FD05-1A5C-4CDC-B4F1-5EFC3D8D134E}.AppStore|ARM.ActiveCfg = Release|ARM
		{9ED8FD05-1A5C-4CDC-B4F1-5EFC3D8D134E}.AppStore|ARM.Build.0 = Release|ARM
		{9ED8FD05-1A5C-4CDC-B4F1-5EFC3D8D134E}.AppStore|ARM.Deploy.0 = Release|ARM
		{9ED8FD05-1A5C-4CDC-B4F1-5EFC3D8D134E}.AppStore|iPhone.ActiveCfg = Release|x86
		{9ED8FD05-1A5C-4CDC-B4F1-5EFC3D8D134E}.AppStore|iPhone.Build.0 = Release|x86
		{9ED8FD05-1A5C-4CDC-B4F1-5EFC3D8D134E}.AppStore|iPhone.Deploy.0 = Release|x86
		{9ED8FD05-1A5C-4CDC-B4F1-5EFC3D8D134E}.AppStore|iPhoneSimulator.ActiveCfg = Release|x86
		{9ED8FD05-1A5C-4CDC-B4F1-5EFC3D8D134E}.AppStore|iPhoneSimulator.Build.0 = Release|x86
		{9ED8FD05-1A5C-4CDC-B4F1-5EFC3D8D134E}.AppStore|iPhoneSimulator.Deploy.0 = Release|x86
		{9ED8FD05-1A5C-4CDC-B4F1-5EFC3D8D134E}.AppStore|x64.ActiveCfg = Release|x64
		{9ED8FD05-1A5C-4CDC-B4F1-5EFC3D8D134E}.AppStore|x64.Build.0 = Release|x64
		{9ED8FD05-1A5C-4CDC-B4F1-5EFC3D8D134E}.AppStore|x64.Deploy.0 = Release|x64
		{9ED8FD05-1A5C-4CDC-B4F1-5EFC3D8D134E}.AppStore|x86.ActiveCfg = Release|x86
		{9ED8FD05-1A5C-4CDC-B4F1-5EFC3D8D134E}.AppStore|x86.Build.0 = Release|x86
		{9ED8FD05-1A5C-4CDC-B4F1-5EFC3D8D134E}.AppStore|x86.Deploy.0 = Release|x86
		{9ED8FD05-1A5C-4CDC-B4F1-5EFC3D8D134E}.Debug|Any CPU.ActiveCfg = Debug|x86
		{9ED8FD05-1A5C-4CDC-B4F1-5EFC3D8D134E}.Debug|ARM.ActiveCfg = Debug|ARM
		{9ED8FD05-1A5C-4CDC-B4F1-5EFC3D8D134E}.Debug|ARM.Build.0 = Debug|ARM
		{9ED8FD05-1A5C-4CDC-B4F1-5EFC3D8D134E}.Debug|ARM.Deploy.0 = Debug|ARM
		{9ED8FD05-1A5C-4CDC-B4F1-5EFC3D8D134E}.Debug|iPhone.ActiveCfg = Debug|x86
		{9ED8FD05-1A5C-4CDC-B4F1-5EFC3D8D134E}.Debug|iPhoneSimulator.ActiveCfg = Debug|x86
		{9ED8FD05-1A5C-4CDC-B4F1-5EFC3D8D134E}.Debug|x64.ActiveCfg = Debug|x64
		{9ED8FD05-1A5C-4CDC-B4F1-5EFC3D8D134E}.Debug|x64.Build.0 = Debug|x64
		{9ED8FD05-1A5C-4CDC-B4F1-5EFC3D8D134E}.Debug|x64.Deploy.0 = Debug|x64
		{9ED8FD05-1A5C-4CDC-B4F1-5EFC3D8D134E}.Debug|x86.ActiveCfg = Debug|x86
		{9ED8FD05-1A5C-4CDC-B4F1-5EFC3D8D134E}.Debug|x86.Build.0 = Debug|x86
		{9ED8FD05-1A5C-4CDC-B4F1-5EFC3D8D134E}.Debug|x86.Deploy.0 = Debug|x86
		{9ED8FD05-1A5C-4CDC-B4F1-5EFC3D8D134E}.Release|Any CPU.ActiveCfg = Release|x86
		{9ED8FD05-1A5C-4CDC-B4F1-5EFC3D8D134E}.Release|ARM.ActiveCfg = Release|ARM
		{9ED8FD05-1A5C-4CDC-B4F1-5EFC3D8D134E}.Release|ARM.Build.0 = Release|ARM
		{9ED8FD05-1A5C-4CDC-B4F1-5EFC3D8D134E}.Release|ARM.Deploy.0 = Release|ARM
		{9ED8FD05-1A5C-4CDC-B4F1-5EFC3D8D134E}.Release|iPhone.ActiveCfg = Release|x86
		{9ED8FD05-1A5C-4CDC-B4F1-5EFC3D8D134E}.Release|iPhoneSimulator.ActiveCfg = Release|x86
		{9ED8FD05-1A5C-4CDC-B4F1-5EFC3D8D134E}.Release|x64.ActiveCfg = Release|x64
		{9ED8FD05-1A5C-4CDC-B4F1-5EFC3D8D134E}.Release|x64.Build.0 = Release|x64
		{9ED8FD05-1A5C-4CDC-B4F1-5EFC3D8D134E}.Release|x64.Deploy.0 = Release|x64
		{9ED8FD05-1A5C-4CDC-B4F1-5EFC3D8D134E}.Release|x86.ActiveCfg = Release|x86
		{9ED8FD05-1A5C-4CDC-B4F1-5EFC3D8D134E}.Release|x86.Build.0 = Release|x86
		{9ED8FD05-1A5C-4CDC-B4F1-5EFC3D8D134E}.Release|x86.Deploy.0 = Release|x86
		{9AEEECBD-98FD-4753-A535-C4605CE51C21}.Ad-Hoc|Any CPU.ActiveCfg = Release|Any CPU
		{9AEEECBD-98FD-4753-A535-C4605CE51C21}.Ad-Hoc|Any CPU.Build.0 = Release|Any CPU
		{9AEEECBD-98FD-4753-A535-C4605CE51C21}.Ad-Hoc|Any CPU.Deploy.0 = Release|Any CPU
		{9AEEECBD-98FD-4753-A535-C4605CE51C21}.Ad-Hoc|ARM.ActiveCfg = Release|ARM
		{9AEEECBD-98FD-4753-A535-C4605CE51C21}.Ad-Hoc|ARM.Build.0 = Release|ARM
		{9AEEECBD-98FD-4753-A535-C4605CE51C21}.Ad-Hoc|ARM.Deploy.0 = Release|ARM
		{9AEEECBD-98FD-4753-A535-C4605CE51C21}.Ad-Hoc|iPhone.ActiveCfg = Release|Any CPU
		{9AEEECBD-98FD-4753-A535-C4605CE51C21}.Ad-Hoc|iPhone.Build.0 = Release|Any CPU
		{9AEEECBD-98FD-4753-A535-C4605CE51C21}.Ad-Hoc|iPhone.Deploy.0 = Release|Any CPU
		{9AEEECBD-98FD-4753-A535-C4605CE51C21}.Ad-Hoc|iPhoneSimulator.ActiveCfg = Release|Any CPU
		{9AEEECBD-98FD-4753-A535-C4605CE51C21}.Ad-Hoc|iPhoneSimulator.Build.0 = Release|Any CPU
		{9AEEECBD-98FD-4753-A535-C4605CE51C21}.Ad-Hoc|iPhoneSimulator.Deploy.0 = Release|Any CPU
		{9AEEECBD-98FD-4753-A535-C4605CE51C21}.Ad-Hoc|x64.ActiveCfg = Release|x64
		{9AEEECBD-98FD-4753-A535-C4605CE51C21}.Ad-Hoc|x64.Build.0 = Release|x64
		{9AEEECBD-98FD-4753-A535-C4605CE51C21}.Ad-Hoc|x64.Deploy.0 = Release|x64
		{9AEEECBD-98FD-4753-A535-C4605CE51C21}.Ad-Hoc|x86.ActiveCfg = Release|x86
		{9AEEECBD-98FD-4753-A535-C4605CE51C21}.Ad-Hoc|x86.Build.0 = Release|x86
		{9AEEECBD-98FD-4753-A535-C4605CE51C21}.Ad-Hoc|x86.Deploy.0 = Release|x86
		{9AEEECBD-98FD-4753-A535-C4605CE51C21}.AppStore|Any CPU.ActiveCfg = Release|Any CPU
		{9AEEECBD-98FD-4753-A535-C4605CE51C21}.AppStore|Any CPU.Build.0 = Release|Any CPU
		{9AEEECBD-98FD-4753-A535-C4605CE51C21}.AppStore|Any CPU.Deploy.0 = Release|Any CPU
		{9AEEECBD-98FD-4753-A535-C4605CE51C21}.AppStore|ARM.ActiveCfg = Release|ARM
		{9AEEECBD-98FD-4753-A535-C4605CE51C21}.AppStore|ARM.Build.0 = Release|ARM
		{9AEEECBD-98FD-4753-A535-C4605CE51C21}.AppStore|ARM.Deploy.0 = Release|ARM
		{9AEEECBD-98FD-4753-A535-C4605CE51C21}.AppStore|iPhone.ActiveCfg = Release|Any CPU
		{9AEEECBD-98FD-4753-A535-C4605CE51C21}.AppStore|iPhone.Build.0 = Release|Any CPU
		{9AEEECBD-98FD-4753-A535-C4605CE51C21}.AppStore|iPhone.Deploy.0 = Release|Any CPU
		{9AEEECBD-98FD-4753-A535-C4605CE51C21}.AppStore|iPhoneSimulator.ActiveCfg = Release|Any CPU
		{9AEEECBD-98FD-4753-A535-C4605CE51C21}.AppStore|iPhoneSimulator.Build.0 = Release|Any CPU
		{9AEEECBD-98FD-4753-A535-C4605CE51C21}.AppStore|iPhoneSimulator.Deploy.0 = Release|Any CPU
		{9AEEECBD-98FD-4753-A535-C4605CE51C21}.AppStore|x64.ActiveCfg = Release|x64
		{9AEEECBD-98FD-4753-A535-C4605CE51C21}.AppStore|x64.Build.0 = Release|x64
		{9AEEECBD-98FD-4753-A535-C4605CE51C21}.AppStore|x64.Deploy.0 = Release|x64
		{9AEEECBD-98FD-4753-A535-C4605CE51C21}.AppStore|x86.ActiveCfg = Release|x86
		{9AEEECBD-98FD-4753-A535-C4605CE51C21}.AppStore|x86.Build.0 = Release|x86
		{9AEEECBD-98FD-4753-A535-C4605CE51C21}.AppStore|x86.Deploy.0 = Release|x86
		{9AEEECBD-98FD-4753-A535-C4605CE51C21}.Debug|Any CPU.ActiveCfg = Debug|Any CPU
		{9AEEECBD-98FD-4753-A535-C4605CE51C21}.Debug|Any CPU.Build.0 = Debug|Any CPU
		{9AEEECBD-98FD-4753-A535-C4605CE51C21}.Debug|Any CPU.Deploy.0 = Debug|Any CPU
		{9AEEECBD-98FD-4753-A535-C4605CE51C21}.Debug|ARM.ActiveCfg = Debug|ARM
		{9AEEECBD-98FD-4753-A535-C4605CE51C21}.Debug|ARM.Build.0 = Debug|ARM
		{9AEEECBD-98FD-4753-A535-C4605CE51C21}.Debug|ARM.Deploy.0 = Debug|ARM
		{9AEEECBD-98FD-4753-A535-C4605CE51C21}.Debug|iPhone.ActiveCfg = Debug|Any CPU
		{9AEEECBD-98FD-4753-A535-C4605CE51C21}.Debug|iPhone.Build.0 = Debug|Any CPU
		{9AEEECBD-98FD-4753-A535-C4605CE51C21}.Debug|iPhone.Deploy.0 = Debug|Any CPU
		{9AEEECBD-98FD-4753-A535-C4605CE51C21}.Debug|iPhoneSimulator.ActiveCfg = Debug|Any CPU
		{9AEEECBD-98FD-4753-A535-C4605CE51C21}.Debug|iPhoneSimulator.Build.0 = Debug|Any CPU
		{9AEEECBD-98FD-4753-A535-C4605CE51C21}.Debug|iPhoneSimulator.Deploy.0 = Debug|Any CPU
		{9AEEECBD-98FD-4753-A535-C4605CE51C21}.Debug|x64.ActiveCfg = Debug|x64
		{9AEEECBD-98FD-4753-A535-C4605CE51C21}.Debug|x64.Build.0 = Debug|x64
		{9AEEECBD-98FD-4753-A535-C4605CE51C21}.Debug|x64.Deploy.0 = Debug|x64
		{9AEEECBD-98FD-4753-A535-C4605CE51C21}.Debug|x86.ActiveCfg = Debug|x86
		{9AEEECBD-98FD-4753-A535-C4605CE51C21}.Debug|x86.Build.0 = Debug|x86
		{9AEEECBD-98FD-4753-A535-C4605CE51C21}.Debug|x86.Deploy.0 = Debug|x86
		{9AEEECBD-98FD-4753-A535-C4605CE51C21}.Release|Any CPU.ActiveCfg = Release|Any CPU
		{9AEEECBD-98FD-4753-A535-C4605CE51C21}.Release|Any CPU.Build.0 = Release|Any CPU
		{9AEEECBD-98FD-4753-A535-C4605CE51C21}.Release|Any CPU.Deploy.0 = Release|Any CPU
		{9AEEECBD-98FD-4753-A535-C4605CE51C21}.Release|ARM.ActiveCfg = Release|ARM
		{9AEEECBD-98FD-4753-A535-C4605CE51C21}.Release|ARM.Build.0 = Release|ARM
		{9AEEECBD-98FD-4753-A535-C4605CE51C21}.Release|ARM.Deploy.0 = Release|ARM
		{9AEEECBD-98FD-4753-A535-C4605CE51C21}.Release|iPhone.ActiveCfg = Release|Any CPU
		{9AEEECBD-98FD-4753-A535-C4605CE51C21}.Release|iPhone.Build.0 = Release|Any CPU
		{9AEEECBD-98FD-4753-A535-C4605CE51C21}.Release|iPhone.Deploy.0 = Release|Any CPU
		{9AEEECBD-98FD-4753-A535-C4605CE51C21}.Release|iPhoneSimulator.ActiveCfg = Release|Any CPU
		{9AEEECBD-98FD-4753-A535-C4605CE51C21}.Release|iPhoneSimulator.Build.0 = Release|Any CPU
		{9AEEECBD-98FD-4753-A535-C4605CE51C21}.Release|iPhoneSimulator.Deploy.0 = Release|Any CPU
		{9AEEECBD-98FD-4753-A535-C4605CE51C21}.Release|x64.ActiveCfg = Release|x64
		{9AEEECBD-98FD-4753-A535-C4605CE51C21}.Release|x64.Build.0 = Release|x64
		{9AEEECBD-98FD-4753-A535-C4605CE51C21}.Release|x64.Deploy.0 = Release|x64
		{9AEEECBD-98FD-4753-A535-C4605CE51C21}.Release|x86.ActiveCfg = Release|x86
		{9AEEECBD-98FD-4753-A535-C4605CE51C21}.Release|x86.Build.0 = Release|x86
		{9AEEECBD-98FD-4753-A535-C4605CE51C21}.Release|x86.Deploy.0 = Release|x86
	EndGlobalSection
	GlobalSection(SolutionProperties) = preSolution
		HideSolutionNode = FALSE
	EndGlobalSection
EndGlobal
